// !$*UTF8*$!
{
	archiveVersion = 1;
	classes = {
	};
	objectVersion = 46;
	objects = {

/* Begin PBXBuildFile section */
		81DE802F1865A40A00FDAF4F /* Foundation.framework in Frameworks */ = {isa = PBXBuildFile; fileRef = 81DE802E1865A40A00FDAF4F /* Foundation.framework */; };
		81DE80311865A40A00FDAF4F /* CoreGraphics.framework in Frameworks */ = {isa = PBXBuildFile; fileRef = 81DE80301865A40A00FDAF4F /* CoreGraphics.framework */; };
		81DE80331865A40A00FDAF4F /* UIKit.framework in Frameworks */ = {isa = PBXBuildFile; fileRef = 81DE80321865A40A00FDAF4F /* UIKit.framework */; };
		81DE80391865A40A00FDAF4F /* InfoPlist.strings in Resources */ = {isa = PBXBuildFile; fileRef = 81DE80371865A40A00FDAF4F /* InfoPlist.strings */; };
		81DE803B1865A40A00FDAF4F /* main.m in Sources */ = {isa = PBXBuildFile; fileRef = 81DE803A1865A40A00FDAF4F /* main.m */; };
		81DE803F1865A40A00FDAF4F /* AppDelegate.m in Sources */ = {isa = PBXBuildFile; fileRef = 81DE803E1865A40A00FDAF4F /* AppDelegate.m */; };
		81DE80421865A40A00FDAF4F /* Main.storyboard in Resources */ = {isa = PBXBuildFile; fileRef = 81DE80401865A40A00FDAF4F /* Main.storyboard */; };
		81DE80451865A40A00FDAF4F /* ViewController.m in Sources */ = {isa = PBXBuildFile; fileRef = 81DE80441865A40A00FDAF4F /* ViewController.m */; };
		81DE80471865A40A00FDAF4F /* Images.xcassets in Resources */ = {isa = PBXBuildFile; fileRef = 81DE80461865A40A00FDAF4F /* Images.xcassets */; };
		81DE804E1865A40A00FDAF4F /* XCTest.framework in Frameworks */ = {isa = PBXBuildFile; fileRef = 81DE804D1865A40A00FDAF4F /* XCTest.framework */; };
		81DE804F1865A40A00FDAF4F /* Foundation.framework in Frameworks */ = {isa = PBXBuildFile; fileRef = 81DE802E1865A40A00FDAF4F /* Foundation.framework */; };
		81DE80501865A40A00FDAF4F /* UIKit.framework in Frameworks */ = {isa = PBXBuildFile; fileRef = 81DE80321865A40A00FDAF4F /* UIKit.framework */; };
		81DE80581865A40A00FDAF4F /* InfoPlist.strings in Resources */ = {isa = PBXBuildFile; fileRef = 81DE80561865A40A00FDAF4F /* InfoPlist.strings */; };
		81DE805A1865A40A00FDAF4F /* SnapTests.m in Sources */ = {isa = PBXBuildFile; fileRef = 81DE80591865A40A00FDAF4F /* SnapTests.m */; };
/* End PBXBuildFile section */

/* Begin PBXContainerItemProxy section */
		81DE80511865A40A00FDAF4F /* PBXContainerItemProxy */ = {
			isa = PBXContainerItemProxy;
			containerPortal = 81DE80231865A40A00FDAF4F /* Project object */;
			proxyType = 1;
			remoteGlobalIDString = 81DE802A1865A40A00FDAF4F;
			remoteInfo = Snap;
		};
/* End PBXContainerItemProxy section */

/* Begin PBXFileReference section */
		81DE802B1865A40A00FDAF4F /* Snap.app */ = {isa = PBXFileReference; explicitFileType = wrapper.application; includeInIndex = 0; path = Snap.app; sourceTree = BUILT_PRODUCTS_DIR; };
		81DE802E1865A40A00FDAF4F /* Foundation.framework */ = {isa = PBXFileReference; lastKnownFileType = wrapper.framework; name = Foundation.framework; path = System/Library/Frameworks/Foundation.framework; sourceTree = SDKROOT; };
		81DE80301865A40A00FDAF4F /* CoreGraphics.framework */ = {isa = PBXFileReference; lastKnownFileType = wrapper.framework; name = CoreGraphics.framework; path = System/Library/Frameworks/CoreGraphics.framework; sourceTree = SDKROOT; };
		81DE80321865A40A00FDAF4F /* UIKit.framework */ = {isa = PBXFileReference; lastKnownFileType = wrapper.framework; name = UIKit.framework; path = System/Library/Frameworks/UIKit.framework; sourceTree = SDKROOT; };
		81DE80361865A40A00FDAF4F /* Snap-Info.plist */ = {isa = PBXFileReference; lastKnownFileType = text.plist.xml; path = "Snap-Info.plist"; sourceTree = "<group>"; };
		81DE80381865A40A00FDAF4F /* en */ = {isa = PBXFileReference; lastKnownFileType = text.plist.strings; name = en; path = en.lproj/InfoPlist.strings; sourceTree = "<group>"; };
		81DE803A1865A40A00FDAF4F /* main.m */ = {isa = PBXFileReference; lastKnownFileType = sourcecode.c.objc; path = main.m; sourceTree = "<group>"; };
		81DE803C1865A40A00FDAF4F /* Snap-Prefix.pch */ = {isa = PBXFileReference; lastKnownFileType = sourcecode.c.h; path = "Snap-Prefix.pch"; sourceTree = "<group>"; };
		81DE803D1865A40A00FDAF4F /* AppDelegate.h */ = {isa = PBXFileReference; lastKnownFileType = sourcecode.c.h; path = AppDelegate.h; sourceTree = "<group>"; };
		81DE803E1865A40A00FDAF4F /* AppDelegate.m */ = {isa = PBXFileReference; lastKnownFileType = sourcecode.c.objc; path = AppDelegate.m; sourceTree = "<group>"; };
		81DE80411865A40A00FDAF4F /* Base */ = {isa = PBXFileReference; lastKnownFileType = file.storyboard; name = Base; path = Base.lproj/Main.storyboard; sourceTree = "<group>"; };
		81DE80431865A40A00FDAF4F /* ViewController.h */ = {isa = PBXFileReference; lastKnownFileType = sourcecode.c.h; path = ViewController.h; sourceTree = "<group>"; };
		81DE80441865A40A00FDAF4F /* ViewController.m */ = {isa = PBXFileReference; lastKnownFileType = sourcecode.c.objc; path = ViewController.m; sourceTree = "<group>"; };
		81DE80461865A40A00FDAF4F /* Images.xcassets */ = {isa = PBXFileReference; lastKnownFileType = folder.assetcatalog; path = Images.xcassets; sourceTree = "<group>"; };
		81DE804C1865A40A00FDAF4F /* SnapTests.xctest */ = {isa = PBXFileReference; explicitFileType = wrapper.cfbundle; includeInIndex = 0; path = SnapTests.xctest; sourceTree = BUILT_PRODUCTS_DIR; };
		81DE804D1865A40A00FDAF4F /* XCTest.framework */ = {isa = PBXFileReference; lastKnownFileType = wrapper.framework; name = XCTest.framework; path = Library/Frameworks/XCTest.framework; sourceTree = DEVELOPER_DIR; };
		81DE80551865A40A00FDAF4F /* SnapTests-Info.plist */ = {isa = PBXFileReference; lastKnownFileType = text.plist.xml; path = "SnapTests-Info.plist"; sourceTree = "<group>"; };
		81DE80571865A40A00FDAF4F /* en */ = {isa = PBXFileReference; lastKnownFileType = text.plist.strings; name = en; path = en.lproj/InfoPlist.strings; sourceTree = "<group>"; };
		81DE80591865A40A00FDAF4F /* SnapTests.m */ = {isa = PBXFileReference; lastKnownFileType = sourcecode.c.objc; path = SnapTests.m; sourceTree = "<group>"; };
/* End PBXFileReference section */

/* Begin PBXFrameworksBuildPhase section */
		81DE80281865A40A00FDAF4F /* Frameworks */ = {
			isa = PBXFrameworksBuildPhase;
			buildActionMask = 2147483647;
			files = (
				81DE80311865A40A00FDAF4F /* CoreGraphics.framework in Frameworks */,
				81DE80331865A40A00FDAF4F /* UIKit.framework in Frameworks */,
				81DE802F1865A40A00FDAF4F /* Foundation.framework in Frameworks */,
			);
			runOnlyForDeploymentPostprocessing = 0;
		};
		81DE80491865A40A00FDAF4F /* Frameworks */ = {
			isa = PBXFrameworksBuildPhase;
			buildActionMask = 2147483647;
			files = (
				81DE804E1865A40A00FDAF4F /* XCTest.framework in Frameworks */,
				81DE80501865A40A00FDAF4F /* UIKit.framework in Frameworks */,
				81DE804F1865A40A00FDAF4F /* Foundation.framework in Frameworks */,
			);
			runOnlyForDeploymentPostprocessing = 0;
		};
/* End PBXFrameworksBuildPhase section */

/* Begin PBXGroup section */
		81DE80221865A40A00FDAF4F = {
			isa = PBXGroup;
			children = (
				81DE80341865A40A00FDAF4F /* Snap */,
				81DE80531865A40A00FDAF4F /* SnapTests */,
				81DE802D1865A40A00FDAF4F /* Frameworks */,
				81DE802C1865A40A00FDAF4F /* Products */,
			);
			sourceTree = "<group>";
		};
		81DE802C1865A40A00FDAF4F /* Products */ = {
			isa = PBXGroup;
			children = (
				81DE802B1865A40A00FDAF4F /* Snap.app */,
				81DE804C1865A40A00FDAF4F /* SnapTests.xctest */,
			);
			name = Products;
			sourceTree = "<group>";
		};
		81DE802D1865A40A00FDAF4F /* Frameworks */ = {
			isa = PBXGroup;
			children = (
				81DE802E1865A40A00FDAF4F /* Foundation.framework */,
				81DE80301865A40A00FDAF4F /* CoreGraphics.framework */,
				81DE80321865A40A00FDAF4F /* UIKit.framework */,
				81DE804D1865A40A00FDAF4F /* XCTest.framework */,
			);
			name = Frameworks;
			sourceTree = "<group>";
		};
		81DE80341865A40A00FDAF4F /* Snap */ = {
			isa = PBXGroup;
			children = (
				81DE803D1865A40A00FDAF4F /* AppDelegate.h */,
				81DE803E1865A40A00FDAF4F /* AppDelegate.m */,
				81DE80401865A40A00FDAF4F /* Main.storyboard */,
				81DE80431865A40A00FDAF4F /* ViewController.h */,
				81DE80441865A40A00FDAF4F /* ViewController.m */,
				81DE80461865A40A00FDAF4F /* Images.xcassets */,
				81DE80351865A40A00FDAF4F /* Supporting Files */,
			);
			path = Snap;
			sourceTree = "<group>";
		};
		81DE80351865A40A00FDAF4F /* Supporting Files */ = {
			isa = PBXGroup;
			children = (
				81DE80361865A40A00FDAF4F /* Snap-Info.plist */,
				81DE80371865A40A00FDAF4F /* InfoPlist.strings */,
				81DE803A1865A40A00FDAF4F /* main.m */,
				81DE803C1865A40A00FDAF4F /* Snap-Prefix.pch */,
			);
			name = "Supporting Files";
			sourceTree = "<group>";
		};
		81DE80531865A40A00FDAF4F /* SnapTests */ = {
			isa = PBXGroup;
			children = (
				81DE80591865A40A00FDAF4F /* SnapTests.m */,
				81DE80541865A40A00FDAF4F /* Supporting Files */,
			);
			path = SnapTests;
			sourceTree = "<group>";
		};
		81DE80541865A40A00FDAF4F /* Supporting Files */ = {
			isa = PBXGroup;
			children = (
				81DE80551865A40A00FDAF4F /* SnapTests-Info.plist */,
				81DE80561865A40A00FDAF4F /* InfoPlist.strings */,
			);
			name = "Supporting Files";
			sourceTree = "<group>";
		};
/* End PBXGroup section */

/* Begin PBXNativeTarget section */
		81DE802A1865A40A00FDAF4F /* Snap */ = {
			isa = PBXNativeTarget;
			buildConfigurationList = 81DE805D1865A40A00FDAF4F /* Build configuration list for PBXNativeTarget "Snap" */;
			buildPhases = (
				81DE80271865A40A00FDAF4F /* Sources */,
				81DE80281865A40A00FDAF4F /* Frameworks */,
				81DE80291865A40A00FDAF4F /* Resources */,
			);
			buildRules = (
			);
			dependencies = (
			);
			name = Snap;
			productName = Snap;
			productReference = 81DE802B1865A40A00FDAF4F /* Snap.app */;
			productType = "com.apple.product-type.application";
		};
		81DE804B1865A40A00FDAF4F /* SnapTests */ = {
			isa = PBXNativeTarget;
			buildConfigurationList = 81DE80601865A40A00FDAF4F /* Build configuration list for PBXNativeTarget "SnapTests" */;
			buildPhases = (
				81DE80481865A40A00FDAF4F /* Sources */,
				81DE80491865A40A00FDAF4F /* Frameworks */,
				81DE804A1865A40A00FDAF4F /* Resources */,
			);
			buildRules = (
			);
			dependencies = (
				81DE80521865A40A00FDAF4F /* PBXTargetDependency */,
			);
			name = SnapTests;
			productName = SnapTests;
			productReference = 81DE804C1865A40A00FDAF4F /* SnapTests.xctest */;
			productType = "com.apple.product-type.bundle.unit-test";
		};
/* End PBXNativeTarget section */

/* Begin PBXProject section */
		81DE80231865A40A00FDAF4F /* Project object */ = {
			isa = PBXProject;
			attributes = {
				LastUpgradeCheck = 0500;
				ORGANIZATIONNAME = "Tobias Schultz";
				TargetAttributes = {
					81DE804B1865A40A00FDAF4F = {
						TestTargetID = 81DE802A1865A40A00FDAF4F;
					};
				};
			};
			buildConfigurationList = 81DE80261865A40A00FDAF4F /* Build configuration list for PBXProject "Snap" */;
			compatibilityVersion = "Xcode 3.2";
			developmentRegion = English;
			hasScannedForEncodings = 0;
			knownRegions = (
				en,
				Base,
			);
			mainGroup = 81DE80221865A40A00FDAF4F;
			productRefGroup = 81DE802C1865A40A00FDAF4F /* Products */;
			projectDirPath = "";
			projectRoot = "";
			targets = (
				81DE802A1865A40A00FDAF4F /* Snap */,
				81DE804B1865A40A00FDAF4F /* SnapTests */,
			);
		};
/* End PBXProject section */

/* Begin PBXResourcesBuildPhase section */
		81DE80291865A40A00FDAF4F /* Resources */ = {
			isa = PBXResourcesBuildPhase;
			buildActionMask = 2147483647;
			files = (
				81DE80471865A40A00FDAF4F /* Images.xcassets in Resources */,
				81DE80391865A40A00FDAF4F /* InfoPlist.strings in Resources */,
				81DE80421865A40A00FDAF4F /* Main.storyboard in Resources */,
			);
			runOnlyForDeploymentPostprocessing = 0;
		};
		81DE804A1865A40A00FDAF4F /* Resources */ = {
			isa = PBXResourcesBuildPhase;
			buildActionMask = 2147483647;
			files = (
				81DE80581865A40A00FDAF4F /* InfoPlist.strings in Resources */,
			);
			runOnlyForDeploymentPostprocessing = 0;
		};
/* End PBXResourcesBuildPhase section */

/* Begin PBXSourcesBuildPhase section */
		81DE80271865A40A00FDAF4F /* Sources */ = {
			isa = PBXSourcesBuildPhase;
			buildActionMask = 2147483647;
			files = (
				81DE80451865A40A00FDAF4F /* ViewController.m in Sources */,
				81DE803F1865A40A00FDAF4F /* AppDelegate.m in Sources */,
				81DE803B1865A40A00FDAF4F /* main.m in Sources */,
			);
			runOnlyForDeploymentPostprocessing = 0;
		};
		81DE80481865A40A00FDAF4F /* Sources */ = {
			isa = PBXSourcesBuildPhase;
			buildActionMask = 2147483647;
			files = (
				81DE805A1865A40A00FDAF4F /* SnapTests.m in Sources */,
			);
			runOnlyForDeploymentPostprocessing = 0;
		};
/* End PBXSourcesBuildPhase section */

/* Begin PBXTargetDependency section */
		81DE80521865A40A00FDAF4F /* PBXTargetDependency */ = {
			isa = PBXTargetDependency;
			target = 81DE802A1865A40A00FDAF4F /* Snap */;
			targetProxy = 81DE80511865A40A00FDAF4F /* PBXContainerItemProxy */;
		};
/* End PBXTargetDependency section */

/* Begin PBXVariantGroup section */
		81DE80371865A40A00FDAF4F /* InfoPlist.strings */ = {
			isa = PBXVariantGroup;
			children = (
				81DE80381865A40A00FDAF4F /* en */,
			);
			name = InfoPlist.strings;
			sourceTree = "<group>";
		};
		81DE80401865A40A00FDAF4F /* Main.storyboard */ = {
			isa = PBXVariantGroup;
			children = (
				81DE80411865A40A00FDAF4F /* Base */,
			);
			name = Main.storyboard;
			sourceTree = "<group>";
		};
		81DE80561865A40A00FDAF4F /* InfoPlist.strings */ = {
			isa = PBXVariantGroup;
			children = (
				81DE80571865A40A00FDAF4F /* en */,
			);
			name = InfoPlist.strings;
			sourceTree = "<group>";
		};
/* End PBXVariantGroup section */

/* Begin XCBuildConfiguration section */
		81DE805B1865A40A00FDAF4F /* Debug */ = {
			isa = XCBuildConfiguration;
			buildSettings = {
				ALWAYS_SEARCH_USER_PATHS = NO;
				ARCHS = "$(ARCHS_STANDARD_INCLUDING_64_BIT)";
				CLANG_CXX_LANGUAGE_STANDARD = "gnu++0x";
				CLANG_CXX_LIBRARY = "libc++";
				CLANG_ENABLE_MODULES = YES;
				CLANG_ENABLE_OBJC_ARC = YES;
				CLANG_WARN_BOOL_CONVERSION = YES;
				CLANG_WARN_CONSTANT_CONVERSION = YES;
				CLANG_WARN_DIRECT_OBJC_ISA_USAGE = YES_ERROR;
				CLANG_WARN_EMPTY_BODY = YES;
				CLANG_WARN_ENUM_CONVERSION = YES;
				CLANG_WARN_INT_CONVERSION = YES;
				CLANG_WARN_OBJC_ROOT_CLASS = YES_ERROR;
				CLANG_WARN__DUPLICATE_METHOD_MATCH = YES;
				"CODE_SIGN_IDENTITY[sdk=iphoneos*]" = "iPhone Developer";
				COPY_PHASE_STRIP = NO;
				GCC_C_LANGUAGE_STANDARD = gnu99;
				GCC_DYNAMIC_NO_PIC = NO;
				GCC_OPTIMIZATION_LEVEL = 0;
				GCC_PREPROCESSOR_DEFINITIONS = (
					"DEBUG=1",
					"$(inherited)",
				);
				GCC_SYMBOLS_PRIVATE_EXTERN = NO;
				GCC_WARN_64_TO_32_BIT_CONVERSION = YES;
				GCC_WARN_ABOUT_RETURN_TYPE = YES_ERROR;
				GCC_WARN_UNDECLARED_SELECTOR = YES;
				GCC_WARN_UNINITIALIZED_AUTOS = YES;
				GCC_WARN_UNUSED_FUNCTION = YES;
				GCC_WARN_UNUSED_VARIABLE = YES;
				IPHONEOS_DEPLOYMENT_TARGET = 7.0;
				ONLY_ACTIVE_ARCH = YES;
				SDKROOT = iphoneos;
			};
			name = Debug;
		};
		81DE805C1865A40A00FDAF4F /* Release */ = {
			isa = XCBuildConfiguration;
			buildSettings = {
				ALWAYS_SEARCH_USER_PATHS = NO;
				ARCHS = "$(ARCHS_STANDARD_INCLUDING_64_BIT)";
				CLANG_CXX_LANGUAGE_STANDARD = "gnu++0x";
				CLANG_CXX_LIBRARY = "libc++";
				CLANG_ENABLE_MODULES = YES;
				CLANG_ENABLE_OBJC_ARC = YES;
				CLANG_WARN_BOOL_CONVERSION = YES;
				CLANG_WARN_CONSTANT_CONVERSION = YES;
				CLANG_WARN_DIRECT_OBJC_ISA_USAGE = YES_ERROR;
				CLANG_WARN_EMPTY_BODY = YES;
				CLANG_WARN_ENUM_CONVERSION = YES;
				CLANG_WARN_INT_CONVERSION = YES;
				CLANG_WARN_OBJC_ROOT_CLASS = YES_ERROR;
				CLANG_WARN__DUPLICATE_METHOD_MATCH = YES;
				"CODE_SIGN_IDENTITY[sdk=iphoneos*]" = "iPhone Developer";
				COPY_PHASE_STRIP = YES;
				ENABLE_NS_ASSERTIONS = NO;
				GCC_C_LANGUAGE_STANDARD = gnu99;
				GCC_WARN_64_TO_32_BIT_CONVERSION = YES;
				GCC_WARN_ABOUT_RETURN_TYPE = YES_ERROR;
				GCC_WARN_UNDECLARED_SELECTOR = YES;
				GCC_WARN_UNINITIALIZED_AUTOS = YES;
				GCC_WARN_UNUSED_FUNCTION = YES;
				GCC_WARN_UNUSED_VARIABLE = YES;
				IPHONEOS_DEPLOYMENT_TARGET = 7.0;
				SDKROOT = iphoneos;
				VALIDATE_PRODUCT = YES;
			};
			name = Release;
		};
		81DE805E1865A40A00FDAF4F /* Debug */ = {
			isa = XCBuildConfiguration;
			buildSettings = {
				ASSETCATALOG_COMPILER_APPICON_NAME = AppIcon;
				ASSETCATALOG_COMPILER_LAUNCHIMAGE_NAME = LaunchImage;
				GCC_PRECOMPILE_PREFIX_HEADER = YES;
				GCC_PREFIX_HEADER = "Snap/Snap-Prefix.pch";
				INFOPLIST_FILE = "Snap/Snap-Info.plist";
				PRODUCT_NAME = "$(TARGET_NAME)";
				WRAPPER_EXTENSION = app;
			};
			name = Debug;
		};
		81DE805F1865A40A00FDAF4F /* Release */ = {
			isa = XCBuildConfiguration;
			buildSettings = {
				ASSETCATALOG_COMPILER_APPICON_NAME = AppIcon;
				ASSETCATALOG_COMPILER_LAUNCHIMAGE_NAME = LaunchImage;
				GCC_PRECOMPILE_PREFIX_HEADER = YES;
				GCC_PREFIX_HEADER = "Snap/Snap-Prefix.pch";
				INFOPLIST_FILE = "Snap/Snap-Info.plist";
				PRODUCT_NAME = "$(TARGET_NAME)";
				WRAPPER_EXTENSION = app;
			};
			name = Release;
		};
		81DE80611865A40A00FDAF4F /* Debug */ = {
			isa = XCBuildConfiguration;
			buildSettings = {
				ARCHS = "$(ARCHS_STANDARD_INCLUDING_64_BIT)";
				BUNDLE_LOADER = "$(BUILT_PRODUCTS_DIR)/Snap.app/Snap";
				FRAMEWORK_SEARCH_PATHS = (
					"$(SDKROOT)/Developer/Library/Frameworks",
					"$(inherited)",
					"$(DEVELOPER_FRAMEWORKS_DIR)",
				);
				GCC_PRECOMPILE_PREFIX_HEADER = YES;
				GCC_PREFIX_HEADER = "Snap/Snap-Prefix.pch";
				GCC_PREPROCESSOR_DEFINITIONS = (
					"DEBUG=1",
					"$(inherited)",
				);
				INFOPLIST_FILE = "SnapTests/SnapTests-Info.plist";
				PRODUCT_NAME = "$(TARGET_NAME)";
				TEST_HOST = "$(BUNDLE_LOADER)";
				WRAPPER_EXTENSION = xctest;
			};
			name = Debug;
		};
		81DE80621865A40A00FDAF4F /* Release */ = {
			isa = XCBuildConfiguration;
			buildSettings = {
				ARCHS = "$(ARCHS_STANDARD_INCLUDING_64_BIT)";
				BUNDLE_LOADER = "$(BUILT_PRODUCTS_DIR)/Snap.app/Snap";
				FRAMEWORK_SEARCH_PATHS = (
					"$(SDKROOT)/Developer/Library/Frameworks",
					"$(inherited)",
					"$(DEVELOPER_FRAMEWORKS_DIR)",
				);
				GCC_PRECOMPILE_PREFIX_HEADER = YES;
				GCC_PREFIX_HEADER = "Snap/Snap-Prefix.pch";
				INFOPLIST_FILE = "SnapTests/SnapTests-Info.plist";
				PRODUCT_NAME = "$(TARGET_NAME)";
				TEST_HOST = "$(BUNDLE_LOADER)";
				WRAPPER_EXTENSION = xctest;
			};
			name = Release;
		};
/* End XCBuildConfiguration section */

/* Begin XCConfigurationList section */
		81DE80261865A40A00FDAF4F /* Build configuration list for PBXProject "Snap" */ = {
			isa = XCConfigurationList;
			buildConfigurations = (
				81DE805B1865A40A00FDAF4F /* Debug */,
				81DE805C1865A40A00FDAF4F /* Release */,
			);
			defaultConfigurationIsVisible = 0;
			defaultConfigurationName = Release;
		};
		81DE805D1865A40A00FDAF4F /* Build configuration list for PBXNativeTarget "Snap" */ = {
			isa = XCConfigurationList;
			buildConfigurations = (
				81DE805E1865A40A00FDAF4F /* Debug */,
				81DE805F1865A40A00FDAF4F /* Release */,
			);
			defaultConfigurationIsVisible = 0;
		};
		81DE80601865A40A00FDAF4F /* Build configuration list for PBXNativeTarget "SnapTests" */ = {
			isa = XCConfigurationList;
			buildConfigurations = (
				81DE80611865A40A00FDAF4F /* Debug */,
				81DE80621865A40A00FDAF4F /* Release */,
			);
			defaultConfigurationIsVisible = 0;
		};
/* End XCConfigurationList section */
	};
	rootObject = 81DE80231865A40A00FDAF4F /* Project object */;
}
